
Microsoft Visual Studio Solution File, Format Version 12.00
# Visual Studio 15
VisualStudioVersion = 15.0.27004.2005
MinimumVisualStudioVersion = 10.0.40219.1
Project("{2150E333-8FDC-42A3-9474-1A3956D46DE8}") = "1.2 Service Client - Console UI", "1.2 Service Client - Console UI", "{D0B47B6C-45C7-47A4-8538-CE518C7C7D40}"
EndProject
Project("{2150E333-8FDC-42A3-9474-1A3956D46DE8}") = "2 - Application-tier", "2 - Application-tier", "{2A47B9F8-C137-48E6-B99D-B4E632DE2138}"
EndProject
Project("{2150E333-8FDC-42A3-9474-1A3956D46DE8}") = "3 - Database-tier", "3 - Database-tier", "{64E51A8F-EDED-4DAC-9C3F-2FC27276A65A}"
EndProject
Project("{2150E333-8FDC-42A3-9474-1A3956D46DE8}") = "2.5 Service Host", "2.5 Service Host", "{39C360DC-3713-4FA6-A347-9413FB081F66}"
EndProject
Project("{2150E333-8FDC-42A3-9474-1A3956D46DE8}") = "2.1 Service Contract", "2.1 Service Contract", "{3DFC1065-7E8C-4C0A-AEF7-9F60D4E963FB}"
EndProject
Project("{2150E333-8FDC-42A3-9474-1A3956D46DE8}") = "1.1 Service Client - Specification", "1.1 Service Client - Specification", "{BC50A234-74FC-4586-A3BD-4A87796205E0}"
EndProject
Project("{2150E333-8FDC-42A3-9474-1A3956D46DE8}") = "1 - Client-tier", "1 - Client-tier", "{6A471DC9-4726-48A9-8E93-FE78B75D076C}"
EndProject
Project("{2150E333-8FDC-42A3-9474-1A3956D46DE8}") = "2.4 Data access", "2.4 Data access", "{D6F17033-AF3A-45C2-864B-A2F66D5C793F}"
EndProject
Project("{2150E333-8FDC-42A3-9474-1A3956D46DE8}") = "2.2 Service Class", "2.2 Service Class", "{C2D868A0-078E-41BE-BD72-4A8FCC59CCF8}"
EndProject
Project("{2150E333-8FDC-42A3-9474-1A3956D46DE8}") = "3.1 Local store", "3.1 Local store", "{89BA8AC9-F611-4910-9FE1-6DD81B04C575}"
EndProject
Project("{2150E333-8FDC-42A3-9474-1A3956D46DE8}") = "3.2 RDBMS", "3.2 RDBMS", "{E239D104-0A2A-4766-8FB0-72869D47E1FE}"
EndProject
Project("{FAE04EC0-301F-11D3-BF4B-00C04F79EFBC}") = "Specification", "Specification\Specification.csproj", "{2A33AD7B-786C-4DFC-AD41-3CEA403F97B0}"
EndProject
Project("{2150E333-8FDC-42A3-9474-1A3956D46DE8}") = "2.3 Processor", "2.3 Processor", "{08356A87-00FF-454E-95A9-CC3679795CE7}"
EndProject
Project("{2150E333-8FDC-42A3-9474-1A3956D46DE8}") = "1.3 Service Client - Mobile UI", "1.3 Service Client - Mobile UI", "{1C616CE3-2005-4983-8E82-CDAFD0204916}"
EndProject
Project("{2150E333-8FDC-42A3-9474-1A3956D46DE8}") = "1.4 Service Client - HTML UI", "1.4 Service Client - HTML UI", "{A964093E-40FD-41BF-A536-494A32AFCAE2}"
EndProject
Project("{FAE04EC0-301F-11D3-BF4B-00C04F79EFBC}") = "ConsoleApplication", "ConsoleApplication\ConsoleApplication.csproj", "{97D882ED-C664-458B-B59D-601DF2F3F2BD}"
EndProject
Project("{FAE04EC0-301F-11D3-BF4B-00C04F79EFBC}") = "Museum.Service.Contract", "Museum.Service.Contract\Museum.Service.Contract.csproj", "{5BF9B6CB-DCF6-4052-8C87-9097B6F3D7CE}"
EndProject
Project("{FAE04EC0-301F-11D3-BF4B-00C04F79EFBC}") = "Museum.Service.ServiceClass", "Museum.Service.ServiceClass\Museum.Service.ServiceClass.csproj", "{01D83FB4-4EB6-4470-8107-60092B680B8D}"
EndProject
Project("{FAE04EC0-301F-11D3-BF4B-00C04F79EFBC}") = "Museum.Service.Processor", "Museum.Service.Processor\Museum.Service.Processor.csproj", "{66628747-DF4E-48B0-A9A7-6F0D5DD3EE18}"
EndProject
Project("{FAE04EC0-301F-11D3-BF4B-00C04F79EFBC}") = "Museum.Service.DataAccess", "Museum.Service.DataAccess\Museum.Service.DataAccess.csproj", "{A4508D52-9884-413C-802C-B7F37A119635}"
EndProject
Project("{FAE04EC0-301F-11D3-BF4B-00C04F79EFBC}") = "Museum.Service.DataAccess.LocalStore", "Museum.Service.DataAccess.LocalStore\Museum.Service.DataAccess.LocalStore.csproj", "{6E4790B9-2DF6-40B8-9510-3822624679BF}"
EndProject
Project("{FAE04EC0-301F-11D3-BF4B-00C04F79EFBC}") = "Museum.Service.Host", "Museum.Service.Host\Museum.Service.Host.csproj", "{DD6D90F1-95C5-47CD-96FB-B12732C363BC}"
EndProject
Project("{FAE04EC0-301F-11D3-BF4B-00C04F79EFBC}") = "Museum.Service.DataAccess.SqlStore", "Museum.Service.DataAccess.SqlStore\Museum.Service.DataAccess.SqlStore.csproj", "{C45F7841-2EA6-426B-A0AD-5601FCCDDC39}"
EndProject
Global
	GlobalSection(SolutionConfigurationPlatforms) = preSolution
		Debug|Any CPU = Debug|Any CPU
		Release|Any CPU = Release|Any CPU
	EndGlobalSection
	GlobalSection(ProjectConfigurationPlatforms) = postSolution
		{2A33AD7B-786C-4DFC-AD41-3CEA403F97B0}.Debug|Any CPU.ActiveCfg = Debug|Any CPU
		{2A33AD7B-786C-4DFC-AD41-3CEA403F97B0}.Debug|Any CPU.Build.0 = Debug|Any CPU
		{2A33AD7B-786C-4DFC-AD41-3CEA403F97B0}.Release|Any CPU.ActiveCfg = Release|Any CPU
		{2A33AD7B-786C-4DFC-AD41-3CEA403F97B0}.Release|Any CPU.Build.0 = Release|Any CPU
		{97D882ED-C664-458B-B59D-601DF2F3F2BD}.Debug|Any CPU.ActiveCfg = Debug|Any CPU
		{97D882ED-C664-458B-B59D-601DF2F3F2BD}.Debug|Any CPU.Build.0 = Debug|Any CPU
		{97D882ED-C664-458B-B59D-601DF2F3F2BD}.Release|Any CPU.ActiveCfg = Release|Any CPU
		{97D882ED-C664-458B-B59D-601DF2F3F2BD}.Release|Any CPU.Build.0 = Release|Any CPU
		{5BF9B6CB-DCF6-4052-8C87-9097B6F3D7CE}.Debug|Any CPU.ActiveCfg = Debug|Any CPU
		{5BF9B6CB-DCF6-4052-8C87-9097B6F3D7CE}.Debug|Any CPU.Build.0 = Debug|Any CPU
		{5BF9B6CB-DCF6-4052-8C87-9097B6F3D7CE}.Release|Any CPU.ActiveCfg = Release|Any CPU
		{5BF9B6CB-DCF6-4052-8C87-9097B6F3D7CE}.Release|Any CPU.Build.0 = Release|Any CPU
		{01D83FB4-4EB6-4470-8107-60092B680B8D}.Debug|Any CPU.ActiveCfg = Debug|Any CPU
		{01D83FB4-4EB6-4470-8107-60092B680B8D}.Debug|Any CPU.Build.0 = Debug|Any CPU
		{01D83FB4-4EB6-4470-8107-60092B680B8D}.Release|Any CPU.ActiveCfg = Release|Any CPU
		{01D83FB4-4EB6-4470-8107-60092B680B8D}.Release|Any CPU.Build.0 = Release|Any CPU
		{66628747-DF4E-48B0-A9A7-6F0D5DD3EE18}.Debug|Any CPU.ActiveCfg = Debug|Any CPU
		{66628747-DF4E-48B0-A9A7-6F0D5DD3EE18}.Debug|Any CPU.Build.0 = Debug|Any CPU
		{66628747-DF4E-48B0-A9A7-6F0D5DD3EE18}.Release|Any CPU.ActiveCfg = Release|Any CPU
		{66628747-DF4E-48B0-A9A7-6F0D5DD3EE18}.Release|Any CPU.Build.0 = Release|Any CPU
		{A4508D52-9884-413C-802C-B7F37A119635}.Debug|Any CPU.ActiveCfg = Debug|Any CPU
		{A4508D52-9884-413C-802C-B7F37A119635}.Debug|Any CPU.Build.0 = Debug|Any CPU
		{A4508D52-9884-413C-802C-B7F37A119635}.Release|Any CPU.ActiveCfg = Release|Any CPU
		{A4508D52-9884-413C-802C-B7F37A119635}.Release|Any CPU.Build.0 = Release|Any CPU
		{6E4790B9-2DF6-40B8-9510-3822624679BF}.Debug|Any CPU.ActiveCfg = Debug|Any CPU
		{6E4790B9-2DF6-40B8-9510-3822624679BF}.Debug|Any CPU.Build.0 = Debug|Any CPU
		{6E4790B9-2DF6-40B8-9510-3822624679BF}.Release|Any CPU.ActiveCfg = Release|Any CPU
		{6E4790B9-2DF6-40B8-9510-3822624679BF}.Release|Any CPU.Build.0 = Release|Any CPU
		{DD6D90F1-95C5-47CD-96FB-B12732C363BC}.Debug|Any CPU.ActiveCfg = Debug|Any CPU
		{DD6D90F1-95C5-47CD-96FB-B12732C363BC}.Debug|Any CPU.Build.0 = Debug|Any CPU
		{DD6D90F1-95C5-47CD-96FB-B12732C363BC}.Release|Any CPU.ActiveCfg = Release|Any CPU
		{DD6D90F1-95C5-47CD-96FB-B12732C363BC}.Release|Any CPU.Build.0 = Release|Any CPU
		{C45F7841-2EA6-426B-A0AD-5601FCCDDC39}.Debug|Any CPU.ActiveCfg = Debug|Any CPU
		{C45F7841-2EA6-426B-A0AD-5601FCCDDC39}.Debug|Any CPU.Build.0 = Debug|Any CPU
		{C45F7841-2EA6-426B-A0AD-5601FCCDDC39}.Release|Any CPU.ActiveCfg = Release|Any CPU
		{C45F7841-2EA6-426B-A0AD-5601FCCDDC39}.Release|Any CPU.Build.0 = Release|Any CPU
	EndGlobalSection
	GlobalSection(SolutionProperties) = preSolution
		HideSolutionNode = FALSE
	EndGlobalSection
	GlobalSection(NestedProjects) = preSolution
		{D0B47B6C-45C7-47A4-8538-CE518C7C7D40} = {6A471DC9-4726-48A9-8E93-FE78B75D076C}
		{39C360DC-3713-4FA6-A347-9413FB081F66} = {2A47B9F8-C137-48E6-B99D-B4E632DE2138}
		{3DFC1065-7E8C-4C0A-AEF7-9F60D4E963FB} = {2A47B9F8-C137-48E6-B99D-B4E632DE2138}
		{BC50A234-74FC-4586-A3BD-4A87796205E0} = {6A471DC9-4726-48A9-8E93-FE78B75D076C}
		{D6F17033-AF3A-45C2-864B-A2F66D5C793F} = {2A47B9F8-C137-48E6-B99D-B4E632DE2138}
		{C2D868A0-078E-41BE-BD72-4A8FCC59CCF8} = {2A47B9F8-C137-48E6-B99D-B4E632DE2138}
		{89BA8AC9-F611-4910-9FE1-6DD81B04C575} = {64E51A8F-EDED-4DAC-9C3F-2FC27276A65A}
		{E239D104-0A2A-4766-8FB0-72869D47E1FE} = {64E51A8F-EDED-4DAC-9C3F-2FC27276A65A}
		{2A33AD7B-786C-4DFC-AD41-3CEA403F97B0} = {BC50A234-74FC-4586-A3BD-4A87796205E0}
		{08356A87-00FF-454E-95A9-CC3679795CE7} = {2A47B9F8-C137-48E6-B99D-B4E632DE2138}
		{1C616CE3-2005-4983-8E82-CDAFD0204916} = {6A471DC9-4726-48A9-8E93-FE78B75D076C}
		{A964093E-40FD-41BF-A536-494A32AFCAE2} = {6A471DC9-4726-48A9-8E93-FE78B75D076C}
		{97D882ED-C664-458B-B59D-601DF2F3F2BD} = {D0B47B6C-45C7-47A4-8538-CE518C7C7D40}
		{5BF9B6CB-DCF6-4052-8C87-9097B6F3D7CE} = {3DFC1065-7E8C-4C0A-AEF7-9F60D4E963FB}
		{01D83FB4-4EB6-4470-8107-60092B680B8D} = {C2D868A0-078E-41BE-BD72-4A8FCC59CCF8}
		{66628747-DF4E-48B0-A9A7-6F0D5DD3EE18} = {08356A87-00FF-454E-95A9-CC3679795CE7}
		{A4508D52-9884-413C-802C-B7F37A119635} = {D6F17033-AF3A-45C2-864B-A2F66D5C793F}
		{6E4790B9-2DF6-40B8-9510-3822624679BF} = {89BA8AC9-F611-4910-9FE1-6DD81B04C575}
		{DD6D90F1-95C5-47CD-96FB-B12732C363BC} = {39C360DC-3713-4FA6-A347-9413FB081F66}
		{C45F7841-2EA6-426B-A0AD-5601FCCDDC39} = {E239D104-0A2A-4766-8FB0-72869D47E1FE}
	EndGlobalSection
	GlobalSection(ExtensibilityGlobals) = postSolution
		SolutionGuid = {B4242096-6977-479D-972E-BE43EF27908A}
	EndGlobalSection
EndGlobal
